
Microsoft Visual Studio Solution File, Format Version 12.00
Project("{FAE04EC0-301F-11D3-BF4B-00C04F79EFBC}") = "MetaGenerator", "MetaGenerator\MetaGenerator.csproj", "{F451E146-F9BC-459C-B8EC-7DC8E170DFA1}"
EndProject
Global
	GlobalSection(SolutionConfigurationPlatforms) = preSolution
		Debug|Any CPU = Debug|Any CPU
		Release|Any CPU = Release|Any CPU
	EndGlobalSection
	GlobalSection(ProjectConfigurationPlatforms) = postSolution
		{F451E146-F9BC-459C-B8EC-7DC8E170DFA1}.Debug|Any CPU.ActiveCfg = Debug|Any CPU
		{F451E146-F9BC-459C-B8EC-7DC8E170DFA1}.Debug|Any CPU.Build.0 = Debug|Any CPU
		{F451E146-F9BC-459C-B8EC-7DC8E170DFA1}.Release|Any CPU.ActiveCfg = Release|Any CPU
		{F451E146-F9BC-459C-B8EC-7DC8E170DFA1}.Release|Any CPU.Build.0 = Release|Any CPU
	EndGlobalSection
EndGlobal
